
Microsoft Visual Studio Solution File, Format Version 12.00
# Visual Studio Version 17
VisualStudioVersion = 17.1.32228.430
MinimumVisualStudioVersion = 10.0.40219.1
Project("{FAE04EC0-301F-11D3-BF4B-00C04F79EFBC}") = "JJJ8", "JJJ8.csproj", "{AC6F1EB3-D85F-406F-AE7D-158F33548BAB}"
EndProject
Global
	GlobalSection(SolutionConfigurationPlatforms) = preSolution
		Debug|Any CPU = Debug|Any CPU
		Release|Any CPU = Release|Any CPU
	EndGlobalSection
	GlobalSection(ProjectConfigurationPlatforms) = postSolution
		{AC6F1EB3-D85F-406F-AE7D-158F33548BAB}.Debug|Any CPU.ActiveCfg = Debug|Any CPU
		{AC6F1EB3-D85F-406F-AE7D-158F33548BAB}.Debug|Any CPU.Build.0 = Debug|Any CPU
		{AC6F1EB3-D85F-406F-AE7D-158F33548BAB}.Release|Any CPU.ActiveCfg = Release|Any CPU
		{AC6F1EB3-D85F-406F-AE7D-158F33548BAB}.Release|Any CPU.Build.0 = Release|Any CPU
	EndGlobalSection
	GlobalSection(SolutionProperties) = preSolution
		HideSolutionNode = FALSE
	EndGlobalSection
	GlobalSection(ExtensibilityGlobals) = postSolution
		SolutionGuid = {E2591A6B-FB70-42EB-9962-2B064551F36B}
	EndGlobalSection
EndGlobal
